<?xml version="1.0" encoding="utf-8"?>
<Project ToolsVersion="4.0" xmlns="http://schemas.microsoft.com/developer/msbuild/2003">
  <ItemGroup>
    <Filter Include="Source Files">
      <UniqueIdentifier>{4FC737F1-C7A5-4376-A066-2A32D752A2FF}</UniqueIdentifier>
      <Extensions>cpp;c;cc;cxx;c++;cppm;ixx;def;odl;idl;hpj;bat;asm;asmx</Extensions>
    </Filter>
    <Filter Include="Header Files">
      <UniqueIdentifier>{93995380-89BD-4b04-88EB-625FBE52EBFB}</UniqueIdentifier>
      <Extensions>h;hh;hpp;hxx;h++;hm;inl;inc;ipp;xsd</Extensions>
    </Filter>
    <Filter Include="Resource Files">
      <UniqueIdentifier>{67DA6AB6-F800-4c08-8B7A-83BB121AAD01}</UniqueIdentifier>
      <Extensions>rc;ico;cur;bmp;dlg;rc2;rct;bin;rgs;gif;jpg;jpeg;jpe;resx;tiff;tif;png;wav;mfcribbon-ms</Extensions>
    </Filter>
  </ItemGroup>
  <ItemGroup>
    <ClInclude Include="patcher.h">
      <Filter>Header Files</Filter>
    </ClInclude>
    <ClInclude Include="modify_memory.h">
      <Filter>Header Files</Filter>
    </ClInclude>
    <ClInclude Include="get_module_base_address.h">
      <Filter>Header Files</Filter>
    </ClInclude>
    <ClInclude Include="log_process_info.h">
      <Filter>Header Files</Filter>
    </ClInclude>
    <ClInclude Include="force_close_process.h">
      <Filter>Header Files</Filter>
    </ClInclude>
    <ClInclude Include="display_message_box.h">
      <Filter>Header Files</Filter>
    </ClInclude>
    <ClInclude Include="get_executable_path.h">
      <Filter>Header Files</Filter>
    </ClInclude>
    <ClInclude Include="delete_log_file.h">
      <Filter>Header Files</Filter>
    </ClInclude>
    <ClInclude Include="get_module_size.h">
      <Filter>Header Files</Filter>
    </ClInclude>
    <ClInclude Include="pattern_error_message_box.h">
      <Filter>Header Files</Filter>
    </ClInclude>
    <ClInclude Include="find_pattern.h">
      <Filter>Header Files</Filter>
    </ClInclude>
    <ClInclude Include="pattern_not_found_force_close.h">
      <Filter>Header Files</Filter>
    </ClInclude>
    <ClInclude Include="logging.h">
      <Filter>Header Files</Filter>
    </ClInclude>
    <ClInclude Include="memory_utils.h">
      <Filter>Header Files</Filter>
    </ClInclude>
  </ItemGroup>
  <ItemGroup>
    <ClCompile Include="patcher.cpp">
      <Filter>Source Files</Filter>
    </ClCompile>
    <ClCompile Include="get_module_base_address.cpp">
      <Filter>Source Files</Filter>
    </ClCompile>
    <ClCompile Include="modify_memory.cpp">
      <Filter>Source Files</Filter>
    </ClCompile>
    <ClCompile Include="log_process_info.cpp">
      <Filter>Source Files</Filter>
    </ClCompile>
    <ClCompile Include="force_close_process.cpp">
      <Filter>Source Files</Filter>
    </ClCompile>
    <ClCompile Include="display_message_box.cpp">
      <Filter>Source Files</Filter>
    </ClCompile>
    <ClCompile Include="get_executable_path.cpp">
      <Filter>Source Files</Filter>
    </ClCompile>
    <ClCompile Include="delete_log_file.cpp">
      <Filter>Source Files</Filter>
    </ClCompile>
    <ClCompile Include="get_module_size.cpp">
      <Filter>Source Files</Filter>
    </ClCompile>
    <ClCompile Include="pattern_error_message_box.cpp">
      <Filter>Source Files</Filter>
    </ClCompile>
    <ClCompile Include="find_pattern.cpp">
      <Filter>Source Files</Filter>
    </ClCompile>
    <ClCompile Include="pattern_not_found_force_close.cpp">
      <Filter>Source Files</Filter>
    </ClCompile>
    <ClCompile Include="logging.cpp">
      <Filter>Source Files</Filter>
    </ClCompile>
    <ClCompile Include="memory_utils.cpp">
      <Filter>Source Files</Filter>
    </ClCompile>
  </ItemGroup>
</Project>